
Microsoft Visual Studio Solution File, Format Version 12.00
# Visual Studio Version 17
VisualStudioVersion = 17.5.002.0
MinimumVisualStudioVersion = 10.0.40219.1
Project("{9A19103F-16F7-4668-BE54-9A1E7A4F7556}") = "programa que soma e divide", "programa que soma e divide.csproj", "{CA8A5002-CD62-4F80-8BB8-0B732A9C969C}"
EndProject
Global
	GlobalSection(SolutionConfigurationPlatforms) = preSolution
		Debug|Any CPU = Debug|Any CPU
		Release|Any CPU = Release|Any CPU
	EndGlobalSection
	GlobalSection(ProjectConfigurationPlatforms) = postSolution
		{CA8A5002-CD62-4F80-8BB8-0B732A9C969C}.Debug|Any CPU.ActiveCfg = Debug|Any CPU
		{CA8A5002-CD62-4F80-8BB8-0B732A9C969C}.Debug|Any CPU.Build.0 = Debug|Any CPU
		{CA8A5002-CD62-4F80-8BB8-0B732A9C969C}.Release|Any CPU.ActiveCfg = Release|Any CPU
		{CA8A5002-CD62-4F80-8BB8-0B732A9C969C}.Release|Any CPU.Build.0 = Release|Any CPU
	EndGlobalSection
	GlobalSection(SolutionProperties) = preSolution
		HideSolutionNode = FALSE
	EndGlobalSection
	GlobalSection(ExtensibilityGlobals) = postSolution
		SolutionGuid = {EF99BEC6-CF6B-4EF4-B61D-56A96B566945}
	EndGlobalSection
EndGlobal
